
Microsoft Visual Studio Solution File, Format Version 12.00
# Visual Studio Version 16
VisualStudioVersion = 16.0.31729.503
MinimumVisualStudioVersion = 10.0.40219.1
Project("{9A19103F-16F7-4668-BE54-9A1E7A4F7556}") = "9.12", "9.12\9.12.csproj", "{1A7C8523-2A26-4DA1-B077-D1C99E1E52CE}"
EndProject
Project("{9A19103F-16F7-4668-BE54-9A1E7A4F7556}") = "9.12 P2", "9.12 P2\9.12 P2.csproj", "{16D8BEA2-10D7-4DC0-90E4-DBB3CEB47D44}"
EndProject
Project("{FAE04EC0-301F-11D3-BF4B-00C04F79EFBC}") = "P3", "P3\P3.csproj", "{735924D7-6163-4619-B120-A9D2AB19C91C}"
EndProject
Global
	GlobalSection(SolutionConfigurationPlatforms) = preSolution
		Debug|Any CPU = Debug|Any CPU
		Release|Any CPU = Release|Any CPU
	EndGlobalSection
	GlobalSection(ProjectConfigurationPlatforms) = postSolution
		{1A7C8523-2A26-4DA1-B077-D1C99E1E52CE}.Debug|Any CPU.ActiveCfg = Debug|Any CPU
		{1A7C8523-2A26-4DA1-B077-D1C99E1E52CE}.Debug|Any CPU.Build.0 = Debug|Any CPU
		{1A7C8523-2A26-4DA1-B077-D1C99E1E52CE}.Release|Any CPU.ActiveCfg = Release|Any CPU
		{1A7C8523-2A26-4DA1-B077-D1C99E1E52CE}.Release|Any CPU.Build.0 = Release|Any CPU
		{16D8BEA2-10D7-4DC0-90E4-DBB3CEB47D44}.Debug|Any CPU.ActiveCfg = Debug|Any CPU
		{16D8BEA2-10D7-4DC0-90E4-DBB3CEB47D44}.Debug|Any CPU.Build.0 = Debug|Any CPU
		{16D8BEA2-10D7-4DC0-90E4-DBB3CEB47D44}.Release|Any CPU.ActiveCfg = Release|Any CPU
		{16D8BEA2-10D7-4DC0-90E4-DBB3CEB47D44}.Release|Any CPU.Build.0 = Release|Any CPU
		{735924D7-6163-4619-B120-A9D2AB19C91C}.Debug|Any CPU.ActiveCfg = Debug|Any CPU
		{735924D7-6163-4619-B120-A9D2AB19C91C}.Debug|Any CPU.Build.0 = Debug|Any CPU
		{735924D7-6163-4619-B120-A9D2AB19C91C}.Release|Any CPU.ActiveCfg = Release|Any CPU
		{735924D7-6163-4619-B120-A9D2AB19C91C}.Release|Any CPU.Build.0 = Release|Any CPU
	EndGlobalSection
	GlobalSection(SolutionProperties) = preSolution
		HideSolutionNode = FALSE
	EndGlobalSection
	GlobalSection(ExtensibilityGlobals) = postSolution
		SolutionGuid = {9DAC096C-89D3-4621-AA18-6C7EB2C34563}
	EndGlobalSection
EndGlobal
